
Microsoft Visual Studio Solution File, Format Version 12.00
# Visual Studio 14
VisualStudioVersion = 14.0.24720.0
MinimumVisualStudioVersion = 10.0.40219.1
Project("{FAE04EC0-301F-11D3-BF4B-00C04F79EFBC}") = "LinqProviderTest1", "LinqProviderTest1\LinqProviderTest1.csproj", "{9219E219-5315-4691-97AE-E0044C3B7273}"
EndProject
Project("{FAE04EC0-301F-11D3-BF4B-00C04F79EFBC}") = "LinqToProvider", "LinqToProvider\LinqToProvider.csproj", "{1EDD040D-20FF-4B68-BB44-8EAB6ECBE98E}"
EndProject
Global
	GlobalSection(SolutionConfigurationPlatforms) = preSolution
		Debug|Any CPU = Debug|Any CPU
		Release|Any CPU = Release|Any CPU
	EndGlobalSection
	GlobalSection(ProjectConfigurationPlatforms) = postSolution
		{9219E219-5315-4691-97AE-E0044C3B7273}.Debug|Any CPU.ActiveCfg = Debug|Any CPU
		{9219E219-5315-4691-97AE-E0044C3B7273}.Debug|Any CPU.Build.0 = Debug|Any CPU
		{9219E219-5315-4691-97AE-E0044C3B7273}.Release|Any CPU.ActiveCfg = Release|Any CPU
		{9219E219-5315-4691-97AE-E0044C3B7273}.Release|Any CPU.Build.0 = Release|Any CPU
		{1EDD040D-20FF-4B68-BB44-8EAB6ECBE98E}.Debug|Any CPU.ActiveCfg = Debug|Any CPU
		{1EDD040D-20FF-4B68-BB44-8EAB6ECBE98E}.Debug|Any CPU.Build.0 = Debug|Any CPU
		{1EDD040D-20FF-4B68-BB44-8EAB6ECBE98E}.Release|Any CPU.ActiveCfg = Release|Any CPU
		{1EDD040D-20FF-4B68-BB44-8EAB6ECBE98E}.Release|Any CPU.Build.0 = Release|Any CPU
	EndGlobalSection
	GlobalSection(SolutionProperties) = preSolution
		HideSolutionNode = FALSE
	EndGlobalSection
EndGlobal
